
Microsoft Visual Studio Solution File, Format Version 12.00
# Visual Studio Version 17
VisualStudioVersion = 17.5.33424.131
MinimumVisualStudioVersion = 10.0.40219.1
Project("{8BC9CEB8-8B4A-11D0-8D11-00A0C91BC942}") = "ProblemMultiwaris", "ProblemMultiwaris\ProblemMultiwaris.vcxproj", "{E46A74CF-07F5-42FA-932D-0677F67CDB47}"
EndProject
Project("{8BC9CEB8-8B4A-11D0-8D11-00A0C91BC942}") = "solveMultiwaris", "solveMultiwaris\solveMultiwaris.vcxproj", "{7F19B5BE-DF10-452B-8BC3-F614B2792C0B}"
EndProject
Project("{8BC9CEB8-8B4A-11D0-8D11-00A0C91BC942}") = "Polymorphism", "Polymorphism\Polymorphism.vcxproj", "{3971EC52-5C21-407C-967D-F813B2BE24EE}"
EndProject
Project("{8BC9CEB8-8B4A-11D0-8D11-00A0C91BC942}") = "program noOverriding", "program noOverriding\program noOverriding.vcxproj", "{4B45588B-0C6B-4328-8E27-389F70D056ED}"
EndProject
Project("{8BC9CEB8-8B4A-11D0-8D11-00A0C91BC942}") = "Program noPewarisan", "Program noPewarisan\Program noPewarisan.vcxproj", "{092A7585-2BD8-40F4-96CB-D1E8A34AE531}"
EndProject
Project("{8BC9CEB8-8B4A-11D0-8D11-00A0C91BC942}") = "Program enkapsulasi", "Program enkapsulasi\Program enkapsulasi.vcxproj", "{22CC9EFC-1116-4562-8CD7-AA4210A313BF}"
EndProject
Project("{8BC9CEB8-8B4A-11D0-8D11-00A0C91BC942}") = "Program abstraksi", "Program abstraksi\Program abstraksi.vcxproj", "{B4B2D8B8-2BC6-461F-B22D-987448FD2C1C}"
EndProject
Global
	GlobalSection(SolutionConfigurationPlatforms) = preSolution
		Debug|x64 = Debug|x64
		Debug|x86 = Debug|x86
		Release|x64 = Release|x64
		Release|x86 = Release|x86
	EndGlobalSection
	GlobalSection(ProjectConfigurationPlatforms) = postSolution
		{E46A74CF-07F5-42FA-932D-0677F67CDB47}.Debug|x64.ActiveCfg = Debug|x64
		{E46A74CF-07F5-42FA-932D-0677F67CDB47}.Debug|x64.Build.0 = Debug|x64
		{E46A74CF-07F5-42FA-932D-0677F67CDB47}.Debug|x86.ActiveCfg = Debug|Win32
		{E46A74CF-07F5-42FA-932D-0677F67CDB47}.Debug|x86.Build.0 = Debug|Win32
		{E46A74CF-07F5-42FA-932D-0677F67CDB47}.Release|x64.ActiveCfg = Release|x64
		{E46A74CF-07F5-42FA-932D-0677F67CDB47}.Release|x64.Build.0 = Release|x64
		{E46A74CF-07F5-42FA-932D-0677F67CDB47}.Release|x86.ActiveCfg = Release|Win32
		{E46A74CF-07F5-42FA-932D-0677F67CDB47}.Release|x86.Build.0 = Release|Win32
		{7F19B5BE-DF10-452B-8BC3-F614B2792C0B}.Debug|x64.ActiveCfg = Debug|x64
		{7F19B5BE-DF10-452B-8BC3-F614B2792C0B}.Debug|x64.Build.0 = Debug|x64
		{7F19B5BE-DF10-452B-8BC3-F614B2792C0B}.Debug|x86.ActiveCfg = Debug|Win32
		{7F19B5BE-DF10-452B-8BC3-F614B2792C0B}.Debug|x86.Build.0 = Debug|Win32
		{7F19B5BE-DF10-452B-8BC3-F614B2792C0B}.Release|x64.ActiveCfg = Release|x64
		{7F19B5BE-DF10-452B-8BC3-F614B2792C0B}.Release|x64.Build.0 = Release|x64
		{7F19B5BE-DF10-452B-8BC3-F614B2792C0B}.Release|x86.ActiveCfg = Release|Win32
		{7F19B5BE-DF10-452B-8BC3-F614B2792C0B}.Release|x86.Build.0 = Release|Win32
		{3971EC52-5C21-407C-967D-F813B2BE24EE}.Debug|x64.ActiveCfg = Debug|x64
		{3971EC52-5C21-407C-967D-F813B2BE24EE}.Debug|x64.Build.0 = Debug|x64
		{3971EC52-5C21-407C-967D-F813B2BE24EE}.Debug|x86.ActiveCfg = Debug|Win32
		{3971EC52-5C21-407C-967D-F813B2BE24EE}.Debug|x86.Build.0 = Debug|Win32
		{3971EC52-5C21-407C-967D-F813B2BE24EE}.Release|x64.ActiveCfg = Release|x64
		{3971EC52-5C21-407C-967D-F813B2BE24EE}.Release|x64.Build.0 = Release|x64
		{3971EC52-5C21-407C-967D-F813B2BE24EE}.Release|x86.ActiveCfg = Release|Win32
		{3971EC52-5C21-407C-967D-F813B2BE24EE}.Release|x86.Build.0 = Release|Win32
		{4B45588B-0C6B-4328-8E27-389F70D056ED}.Debug|x64.ActiveCfg = Debug|x64
		{4B45588B-0C6B-4328-8E27-389F70D056ED}.Debug|x64.Build.0 = Debug|x64
		{4B45588B-0C6B-4328-8E27-389F70D056ED}.Debug|x86.ActiveCfg = Debug|Win32
		{4B45588B-0C6B-4328-8E27-389F70D056ED}.Debug|x86.Build.0 = Debug|Win32
		{4B45588B-0C6B-4328-8E27-389F70D056ED}.Release|x64.ActiveCfg = Release|x64
		{4B45588B-0C6B-4328-8E27-389F70D056ED}.Release|x64.Build.0 = Release|x64
		{4B45588B-0C6B-4328-8E27-389F70D056ED}.Release|x86.ActiveCfg = Release|Win32
		{4B45588B-0C6B-4328-8E27-389F70D056ED}.Release|x86.Build.0 = Release|Win32
		{092A7585-2BD8-40F4-96CB-D1E8A34AE531}.Debug|x64.ActiveCfg = Debug|x64
		{092A7585-2BD8-40F4-96CB-D1E8A34AE531}.Debug|x64.Build.0 = Debug|x64
		{092A7585-2BD8-40F4-96CB-D1E8A34AE531}.Debug|x86.ActiveCfg = Debug|Win32
		{092A7585-2BD8-40F4-96CB-D1E8A34AE531}.Debug|x86.Build.0 = Debug|Win32
		{092A7585-2BD8-40F4-96CB-D1E8A34AE531}.Release|x64.ActiveCfg = Release|x64
		{092A7585-2BD8-40F4-96CB-D1E8A34AE531}.Release|x64.Build.0 = Release|x64
		{092A7585-2BD8-40F4-96CB-D1E8A34AE531}.Release|x86.ActiveCfg = Release|Win32
		{092A7585-2BD8-40F4-96CB-D1E8A34AE531}.Release|x86.Build.0 = Release|Win32
		{22CC9EFC-1116-4562-8CD7-AA4210A313BF}.Debug|x64.ActiveCfg = Debug|x64
		{22CC9EFC-1116-4562-8CD7-AA4210A313BF}.Debug|x64.Build.0 = Debug|x64
		{22CC9EFC-1116-4562-8CD7-AA4210A313BF}.Debug|x86.ActiveCfg = Debug|Win32
		{22CC9EFC-1116-4562-8CD7-AA4210A313BF}.Debug|x86.Build.0 = Debug|Win32
		{22CC9EFC-1116-4562-8CD7-AA4210A313BF}.Release|x64.ActiveCfg = Release|x64
		{22CC9EFC-1116-4562-8CD7-AA4210A313BF}.Release|x64.Build.0 = Release|x64
		{22CC9EFC-1116-4562-8CD7-AA4210A313BF}.Release|x86.ActiveCfg = Release|Win32
		{22CC9EFC-1116-4562-8CD7-AA4210A313BF}.Release|x86.Build.0 = Release|Win32
		{B4B2D8B8-2BC6-461F-B22D-987448FD2C1C}.Debug|x64.ActiveCfg = Debug|x64
		{B4B2D8B8-2BC6-461F-B22D-987448FD2C1C}.Debug|x64.Build.0 = Debug|x64
		{B4B2D8B8-2BC6-461F-B22D-987448FD2C1C}.Debug|x86.ActiveCfg = Debug|Win32
		{B4B2D8B8-2BC6-461F-B22D-987448FD2C1C}.Debug|x86.Build.0 = Debug|Win32
		{B4B2D8B8-2BC6-461F-B22D-987448FD2C1C}.Release|x64.ActiveCfg = Release|x64
		{B4B2D8B8-2BC6-461F-B22D-987448FD2C1C}.Release|x64.Build.0 = Release|x64
		{B4B2D8B8-2BC6-461F-B22D-987448FD2C1C}.Release|x86.ActiveCfg = Release|Win32
		{B4B2D8B8-2BC6-461F-B22D-987448FD2C1C}.Release|x86.Build.0 = Release|Win32
	EndGlobalSection
	GlobalSection(SolutionProperties) = preSolution
		HideSolutionNode = FALSE
	EndGlobalSection
	GlobalSection(ExtensibilityGlobals) = postSolution
		SolutionGuid = {396BA727-0786-40A5-B1B7-0828971EF8E3}
	EndGlobalSection
EndGlobal
